// !$*UTF8*$!
{
	archiveVersion = 1;
	classes = {
	};
	objectVersion = 56;
	objects = {

/* Begin PBXBuildFile section */
		C10659AA299D4AE500C5CD35 /* CryptoApp.swift in Sources */ = {isa = PBXBuildFile; fileRef = C10659A9299D4AE500C5CD35 /* CryptoApp.swift */; };
		C10659AC299D4AE500C5CD35 /* ContentView.swift in Sources */ = {isa = PBXBuildFile; fileRef = C10659AB299D4AE500C5CD35 /* ContentView.swift */; };
		C10659AE299D4AE700C5CD35 /* Assets.xcassets in Resources */ = {isa = PBXBuildFile; fileRef = C10659AD299D4AE700C5CD35 /* Assets.xcassets */; };
		C10659B1299D4AE700C5CD35 /* Preview Assets.xcassets in Resources */ = {isa = PBXBuildFile; fileRef = C10659B0299D4AE700C5CD35 /* Preview Assets.xcassets */; };
		C10659B9299D51BC00C5CD35 /* Color.swift in Sources */ = {isa = PBXBuildFile; fileRef = C10659B8299D51BC00C5CD35 /* Color.swift */; };
		C10659BF299DFB6600C5CD35 /* HomeView.swift in Sources */ = {isa = PBXBuildFile; fileRef = C10659BE299DFB6600C5CD35 /* HomeView.swift */; };
		C10659C3299DFDCE00C5CD35 /* CircleButtonView.swift in Sources */ = {isa = PBXBuildFile; fileRef = C10659C2299DFDCE00C5CD35 /* CircleButtonView.swift */; };
		C10659C5299E048500C5CD35 /* CircleButtonAnimationView.swift in Sources */ = {isa = PBXBuildFile; fileRef = C10659C4299E048500C5CD35 /* CircleButtonAnimationView.swift */; };
		C10659C8299E1F9000C5CD35 /* CoinModel.swift in Sources */ = {isa = PBXBuildFile; fileRef = C10659C7299E1F9000C5CD35 /* CoinModel.swift */; };
		C10659CA299E3E4600C5CD35 /* CoinRowView.swift in Sources */ = {isa = PBXBuildFile; fileRef = C10659C9299E3E4600C5CD35 /* CoinRowView.swift */; };
		C10659CC299E3F7A00C5CD35 /* PreviewProvider.swift in Sources */ = {isa = PBXBuildFile; fileRef = C10659CB299E3F7A00C5CD35 /* PreviewProvider.swift */; };
		C10659CF299E7D8A00C5CD35 /* Double.swift in Sources */ = {isa = PBXBuildFile; fileRef = C10659CE299E7D8A00C5CD35 /* Double.swift */; };
		C10659D1299E9EBF00C5CD35 /* HomeViewModel.swift in Sources */ = {isa = PBXBuildFile; fileRef = C10659D0299E9EBF00C5CD35 /* HomeViewModel.swift */; };
		C10659D4299F5C0400C5CD35 /* CoinDataService.swift in Sources */ = {isa = PBXBuildFile; fileRef = C10659D3299F5C0400C5CD35 /* CoinDataService.swift */; };
		C138491829A522150079280F /* UIApplication.swift in Sources */ = {isa = PBXBuildFile; fileRef = C138491729A522150079280F /* UIApplication.swift */; };
		C190E24129A3C8CF0046ED47 /* NetworkingManager.swift in Sources */ = {isa = PBXBuildFile; fileRef = C190E24029A3C8CF0046ED47 /* NetworkingManager.swift */; };
		C190E24429A4C0B90046ED47 /* CoinImageView.swift in Sources */ = {isa = PBXBuildFile; fileRef = C190E24329A4C0B90046ED47 /* CoinImageView.swift */; };
		C190E24629A4C3D80046ED47 /* CoinImageService.swift in Sources */ = {isa = PBXBuildFile; fileRef = C190E24529A4C3D70046ED47 /* CoinImageService.swift */; };
		C190E24829A4D14C0046ED47 /* CoinImageViewModel.swift in Sources */ = {isa = PBXBuildFile; fileRef = C190E24729A4D14C0046ED47 /* CoinImageViewModel.swift */; };
		C190E24A29A4E1640046ED47 /* LocaleFileManager.swift in Sources */ = {isa = PBXBuildFile; fileRef = C190E24929A4E1640046ED47 /* LocaleFileManager.swift */; };
		C190E24C29A517EC0046ED47 /* SearchBarView.swift in Sources */ = {isa = PBXBuildFile; fileRef = C190E24B29A517EC0046ED47 /* SearchBarView.swift */; };
/* End PBXBuildFile section */

/* Begin PBXFileReference section */
		C10659A6299D4AE500C5CD35 /* Crypto.app */ = {isa = PBXFileReference; explicitFileType = wrapper.application; includeInIndex = 0; path = Crypto.app; sourceTree = BUILT_PRODUCTS_DIR; };
		C10659A9299D4AE500C5CD35 /* CryptoApp.swift */ = {isa = PBXFileReference; lastKnownFileType = sourcecode.swift; path = CryptoApp.swift; sourceTree = "<group>"; };
		C10659AB299D4AE500C5CD35 /* ContentView.swift */ = {isa = PBXFileReference; lastKnownFileType = sourcecode.swift; path = ContentView.swift; sourceTree = "<group>"; };
		C10659AD299D4AE700C5CD35 /* Assets.xcassets */ = {isa = PBXFileReference; lastKnownFileType = folder.assetcatalog; path = Assets.xcassets; sourceTree = "<group>"; };
		C10659B0299D4AE700C5CD35 /* Preview Assets.xcassets */ = {isa = PBXFileReference; lastKnownFileType = folder.assetcatalog; path = "Preview Assets.xcassets"; sourceTree = "<group>"; };
		C10659B8299D51BC00C5CD35 /* Color.swift */ = {isa = PBXFileReference; lastKnownFileType = sourcecode.swift; path = Color.swift; sourceTree = "<group>"; };
		C10659BE299DFB6600C5CD35 /* HomeView.swift */ = {isa = PBXFileReference; lastKnownFileType = sourcecode.swift; path = HomeView.swift; sourceTree = "<group>"; };
		C10659C2299DFDCE00C5CD35 /* CircleButtonView.swift */ = {isa = PBXFileReference; lastKnownFileType = sourcecode.swift; path = CircleButtonView.swift; sourceTree = "<group>"; };
		C10659C4299E048500C5CD35 /* CircleButtonAnimationView.swift */ = {isa = PBXFileReference; lastKnownFileType = sourcecode.swift; path = CircleButtonAnimationView.swift; sourceTree = "<group>"; };
		C10659C7299E1F9000C5CD35 /* CoinModel.swift */ = {isa = PBXFileReference; lastKnownFileType = sourcecode.swift; path = CoinModel.swift; sourceTree = "<group>"; };
		C10659C9299E3E4600C5CD35 /* CoinRowView.swift */ = {isa = PBXFileReference; lastKnownFileType = sourcecode.swift; path = CoinRowView.swift; sourceTree = "<group>"; };
		C10659CB299E3F7A00C5CD35 /* PreviewProvider.swift */ = {isa = PBXFileReference; lastKnownFileType = sourcecode.swift; path = PreviewProvider.swift; sourceTree = "<group>"; };
		C10659CE299E7D8A00C5CD35 /* Double.swift */ = {isa = PBXFileReference; lastKnownFileType = sourcecode.swift; path = Double.swift; sourceTree = "<group>"; };
		C10659D0299E9EBF00C5CD35 /* HomeViewModel.swift */ = {isa = PBXFileReference; lastKnownFileType = sourcecode.swift; path = HomeViewModel.swift; sourceTree = "<group>"; };
		C10659D3299F5C0400C5CD35 /* CoinDataService.swift */ = {isa = PBXFileReference; lastKnownFileType = sourcecode.swift; path = CoinDataService.swift; sourceTree = "<group>"; };
		C138491729A522150079280F /* UIApplication.swift */ = {isa = PBXFileReference; lastKnownFileType = sourcecode.swift; path = UIApplication.swift; sourceTree = "<group>"; };
		C190E24029A3C8CF0046ED47 /* NetworkingManager.swift */ = {isa = PBXFileReference; lastKnownFileType = sourcecode.swift; path = NetworkingManager.swift; sourceTree = "<group>"; };
		C190E24329A4C0B90046ED47 /* CoinImageView.swift */ = {isa = PBXFileReference; lastKnownFileType = sourcecode.swift; path = CoinImageView.swift; sourceTree = "<group>"; };
		C190E24529A4C3D70046ED47 /* CoinImageService.swift */ = {isa = PBXFileReference; lastKnownFileType = sourcecode.swift; path = CoinImageService.swift; sourceTree = "<group>"; };
		C190E24729A4D14C0046ED47 /* CoinImageViewModel.swift */ = {isa = PBXFileReference; lastKnownFileType = sourcecode.swift; path = CoinImageViewModel.swift; sourceTree = "<group>"; };
		C190E24929A4E1640046ED47 /* LocaleFileManager.swift */ = {isa = PBXFileReference; lastKnownFileType = sourcecode.swift; path = LocaleFileManager.swift; sourceTree = "<group>"; };
		C190E24B29A517EC0046ED47 /* SearchBarView.swift */ = {isa = PBXFileReference; lastKnownFileType = sourcecode.swift; path = SearchBarView.swift; sourceTree = "<group>"; };
/* End PBXFileReference section */

/* Begin PBXFrameworksBuildPhase section */
		C10659A3299D4AE400C5CD35 /* Frameworks */ = {
			isa = PBXFrameworksBuildPhase;
			buildActionMask = 2147483647;
			files = (
			);
			runOnlyForDeploymentPostprocessing = 0;
		};
/* End PBXFrameworksBuildPhase section */

/* Begin PBXGroup section */
		C106599D299D4AE400C5CD35 = {
			isa = PBXGroup;
			children = (
				C10659A8299D4AE500C5CD35 /* Crypto */,
				C10659A7299D4AE500C5CD35 /* Products */,
			);
			sourceTree = "<group>";
		};
		C10659A7299D4AE500C5CD35 /* Products */ = {
			isa = PBXGroup;
			children = (
				C10659A6299D4AE500C5CD35 /* Crypto.app */,
			);
			name = Products;
			sourceTree = "<group>";
		};
		C10659A8299D4AE500C5CD35 /* Crypto */ = {
			isa = PBXGroup;
			children = (
				C10659AD299D4AE700C5CD35 /* Assets.xcassets */,
				C10659A9299D4AE500C5CD35 /* CryptoApp.swift */,
				C190E23F29A3C8800046ED47 /* Utilities */,
				C10659B7299D519100C5CD35 /* Extensions */,
				C10659D2299F5B7D00C5CD35 /* Services */,
				C10659BA299DFA9600C5CD35 /* Core */,
				C10659BD299DFB1800C5CD35 /* ViewModels */,
				C10659BC299DFB0900C5CD35 /* Views */,
				C10659BB299DFAE200C5CD35 /* Home */,
				C10659C6299E1BC100C5CD35 /* Models */,
				C10659AF299D4AE700C5CD35 /* Preview Content */,
			);
			path = Crypto;
			sourceTree = "<group>";
		};
		C10659AF299D4AE700C5CD35 /* Preview Content */ = {
			isa = PBXGroup;
			children = (
				C10659B0299D4AE700C5CD35 /* Preview Assets.xcassets */,
			);
			path = "Preview Content";
			sourceTree = "<group>";
		};
		C10659B7299D519100C5CD35 /* Extensions */ = {
			isa = PBXGroup;
			children = (
				C10659B8299D51BC00C5CD35 /* Color.swift */,
				C10659CB299E3F7A00C5CD35 /* PreviewProvider.swift */,
				C10659CE299E7D8A00C5CD35 /* Double.swift */,
				C138491729A522150079280F /* UIApplication.swift */,
			);
			path = Extensions;
			sourceTree = "<group>";
		};
		C10659BA299DFA9600C5CD35 /* Core */ = {
			isa = PBXGroup;
			children = (
				C10659C0299DFD6700C5CD35 /* Components */,
			);
			path = Core;
			sourceTree = "<group>";
		};
		C10659BB299DFAE200C5CD35 /* Home */ = {
			isa = PBXGroup;
			children = (
				C10659BE299DFB6600C5CD35 /* HomeView.swift */,
				C10659AB299D4AE500C5CD35 /* ContentView.swift */,
			);
			path = Home;
			sourceTree = "<group>";
		};
		C10659BC299DFB0900C5CD35 /* Views */ = {
			isa = PBXGroup;
			children = (
				C10659C9299E3E4600C5CD35 /* CoinRowView.swift */,
			);
			path = Views;
			sourceTree = "<group>";
		};
		C10659BD299DFB1800C5CD35 /* ViewModels */ = {
			isa = PBXGroup;
			children = (
				C10659D0299E9EBF00C5CD35 /* HomeViewModel.swift */,
			);
			path = ViewModels;
			sourceTree = "<group>";
		};
		C10659C0299DFD6700C5CD35 /* Components */ = {
			isa = PBXGroup;
			children = (
				C190E24229A4C06E0046ED47 /* coinImage */,
				C10659C1299DFDB100C5CD35 /* CircleButton */,
				C190E24B29A517EC0046ED47 /* SearchBarView.swift */,
			);
			path = Components;
			sourceTree = "<group>";
		};
		C10659C1299DFDB100C5CD35 /* CircleButton */ = {
			isa = PBXGroup;
			children = (
				C10659C2299DFDCE00C5CD35 /* CircleButtonView.swift */,
				C10659C4299E048500C5CD35 /* CircleButtonAnimationView.swift */,
			);
			path = CircleButton;
			sourceTree = "<group>";
		};
		C10659C6299E1BC100C5CD35 /* Models */ = {
			isa = PBXGroup;
			children = (
				C10659C7299E1F9000C5CD35 /* CoinModel.swift */,
			);
			path = Models;
			sourceTree = "<group>";
		};
		C10659D2299F5B7D00C5CD35 /* Services */ = {
			isa = PBXGroup;
			children = (
				C10659D3299F5C0400C5CD35 /* CoinDataService.swift */,
				C190E24529A4C3D70046ED47 /* CoinImageService.swift */,
			);
			path = Services;
			sourceTree = "<group>";
		};
		C190E23F29A3C8800046ED47 /* Utilities */ = {
			isa = PBXGroup;
			children = (
				C190E24029A3C8CF0046ED47 /* NetworkingManager.swift */,
				C190E24929A4E1640046ED47 /* LocaleFileManager.swift */,
			);
			path = Utilities;
			sourceTree = "<group>";
		};
		C190E24229A4C06E0046ED47 /* coinImage */ = {
			isa = PBXGroup;
			children = (
				C190E24329A4C0B90046ED47 /* CoinImageView.swift */,
				C190E24729A4D14C0046ED47 /* CoinImageViewModel.swift */,
			);
			path = coinImage;
			sourceTree = "<group>";
		};
/* End PBXGroup section */

/* Begin PBXNativeTarget section */
		C10659A5299D4AE400C5CD35 /* Crypto */ = {
			isa = PBXNativeTarget;
			buildConfigurationList = C10659B4299D4AE700C5CD35 /* Build configuration list for PBXNativeTarget "Crypto" */;
			buildPhases = (
				C10659A2299D4AE400C5CD35 /* Sources */,
				C10659A3299D4AE400C5CD35 /* Frameworks */,
				C10659A4299D4AE400C5CD35 /* Resources */,
			);
			buildRules = (
			);
			dependencies = (
			);
			name = Crypto;
			productName = Crypto;
			productReference = C10659A6299D4AE500C5CD35 /* Crypto.app */;
			productType = "com.apple.product-type.application";
		};
/* End PBXNativeTarget section */

/* Begin PBXProject section */
		C106599E299D4AE400C5CD35 /* Project object */ = {
			isa = PBXProject;
			attributes = {
				BuildIndependentTargetsInParallel = 1;
				LastSwiftUpdateCheck = 1420;
				LastUpgradeCheck = 1420;
				TargetAttributes = {
					C10659A5299D4AE400C5CD35 = {
						CreatedOnToolsVersion = 14.2;
					};
				};
			};
			buildConfigurationList = C10659A1299D4AE400C5CD35 /* Build configuration list for PBXProject "Crypto" */;
			compatibilityVersion = "Xcode 14.0";
			developmentRegion = en;
			hasScannedForEncodings = 0;
			knownRegions = (
				en,
				Base,
			);
			mainGroup = C106599D299D4AE400C5CD35;
			productRefGroup = C10659A7299D4AE500C5CD35 /* Products */;
			projectDirPath = "";
			projectRoot = "";
			targets = (
				C10659A5299D4AE400C5CD35 /* Crypto */,
			);
		};
/* End PBXProject section */

/* Begin PBXResourcesBuildPhase section */
		C10659A4299D4AE400C5CD35 /* Resources */ = {
			isa = PBXResourcesBuildPhase;
			buildActionMask = 2147483647;
			files = (
				C10659B1299D4AE700C5CD35 /* Preview Assets.xcassets in Resources */,
				C10659AE299D4AE700C5CD35 /* Assets.xcassets in Resources */,
			);
			runOnlyForDeploymentPostprocessing = 0;
		};
/* End PBXResourcesBuildPhase section */

/* Begin PBXSourcesBuildPhase section */
		C10659A2299D4AE400C5CD35 /* Sources */ = {
			isa = PBXSourcesBuildPhase;
			buildActionMask = 2147483647;
			files = (
				C10659D4299F5C0400C5CD35 /* CoinDataService.swift in Sources */,
				C10659CA299E3E4600C5CD35 /* CoinRowView.swift in Sources */,
				C10659D1299E9EBF00C5CD35 /* HomeViewModel.swift in Sources */,
				C10659AC299D4AE500C5CD35 /* ContentView.swift in Sources */,
				C10659BF299DFB6600C5CD35 /* HomeView.swift in Sources */,
				C190E24429A4C0B90046ED47 /* CoinImageView.swift in Sources */,
				C10659AA299D4AE500C5CD35 /* CryptoApp.swift in Sources */,
				C10659C3299DFDCE00C5CD35 /* CircleButtonView.swift in Sources */,
				C138491829A522150079280F /* UIApplication.swift in Sources */,
				C10659B9299D51BC00C5CD35 /* Color.swift in Sources */,
				C190E24129A3C8CF0046ED47 /* NetworkingManager.swift in Sources */,
				C190E24C29A517EC0046ED47 /* SearchBarView.swift in Sources */,
				C10659C5299E048500C5CD35 /* CircleButtonAnimationView.swift in Sources */,
				C190E24829A4D14C0046ED47 /* CoinImageViewModel.swift in Sources */,
				C10659CC299E3F7A00C5CD35 /* PreviewProvider.swift in Sources */,
				C10659CF299E7D8A00C5CD35 /* Double.swift in Sources */,
				C190E24629A4C3D80046ED47 /* CoinImageService.swift in Sources */,
				C10659C8299E1F9000C5CD35 /* CoinModel.swift in Sources */,
				C190E24A29A4E1640046ED47 /* LocaleFileManager.swift in Sources */,
			);
			runOnlyForDeploymentPostprocessing = 0;
		};
/* End PBXSourcesBuildPhase section */

/* Begin XCBuildConfiguration section */
		C10659B2299D4AE700C5CD35 /* Debug */ = {
			isa = XCBuildConfiguration;
			buildSettings = {
				ALWAYS_SEARCH_USER_PATHS = NO;
				CLANG_ANALYZER_NONNULL = YES;
				CLANG_ANALYZER_NUMBER_OBJECT_CONVERSION = YES_AGGRESSIVE;
				CLANG_CXX_LANGUAGE_STANDARD = "gnu++20";
				CLANG_ENABLE_MODULES = YES;
				CLANG_ENABLE_OBJC_ARC = YES;
				CLANG_ENABLE_OBJC_WEAK = YES;
				CLANG_WARN_BLOCK_CAPTURE_AUTORELEASING = YES;
				CLANG_WARN_BOOL_CONVERSION = YES;
				CLANG_WARN_COMMA = YES;
				CLANG_WARN_CONSTANT_CONVERSION = YES;
				CLANG_WARN_DEPRECATED_OBJC_IMPLEMENTATIONS = YES;
				CLANG_WARN_DIRECT_OBJC_ISA_USAGE = YES_ERROR;
				CLANG_WARN_DOCUMENTATION_COMMENTS = YES;
				CLANG_WARN_EMPTY_BODY = YES;
				CLANG_WARN_ENUM_CONVERSION = YES;
				CLANG_WARN_INFINITE_RECURSION = YES;
				CLANG_WARN_INT_CONVERSION = YES;
				CLANG_WARN_NON_LITERAL_NULL_CONVERSION = YES;
				CLANG_WARN_OBJC_IMPLICIT_RETAIN_SELF = YES;
				CLANG_WARN_OBJC_LITERAL_CONVERSION = YES;
				CLANG_WARN_OBJC_ROOT_CLASS = YES_ERROR;
				CLANG_WARN_QUOTED_INCLUDE_IN_FRAMEWORK_HEADER = YES;
				CLANG_WARN_RANGE_LOOP_ANALYSIS = YES;
				CLANG_WARN_STRICT_PROTOTYPES = YES;
				CLANG_WARN_SUSPICIOUS_MOVE = YES;
				CLANG_WARN_UNGUARDED_AVAILABILITY = YES_AGGRESSIVE;
				CLANG_WARN_UNREACHABLE_CODE = YES;
				CLANG_WARN__DUPLICATE_METHOD_MATCH = YES;
				COPY_PHASE_STRIP = NO;
				DEBUG_INFORMATION_FORMAT = dwarf;
				ENABLE_STRICT_OBJC_MSGSEND = YES;
				ENABLE_TESTABILITY = YES;
				GCC_C_LANGUAGE_STANDARD = gnu11;
				GCC_DYNAMIC_NO_PIC = NO;
				GCC_NO_COMMON_BLOCKS = YES;
				GCC_OPTIMIZATION_LEVEL = 0;
				GCC_PREPROCESSOR_DEFINITIONS = (
					"DEBUG=1",
					"$(inherited)",
				);
				GCC_WARN_64_TO_32_BIT_CONVERSION = YES;
				GCC_WARN_ABOUT_RETURN_TYPE = YES_ERROR;
				GCC_WARN_UNDECLARED_SELECTOR = YES;
				GCC_WARN_UNINITIALIZED_AUTOS = YES_AGGRESSIVE;
				GCC_WARN_UNUSED_FUNCTION = YES;
				GCC_WARN_UNUSED_VARIABLE = YES;
				IPHONEOS_DEPLOYMENT_TARGET = 16.2;
				MTL_ENABLE_DEBUG_INFO = INCLUDE_SOURCE;
				MTL_FAST_MATH = YES;
				ONLY_ACTIVE_ARCH = YES;
				SDKROOT = iphoneos;
				SWIFT_ACTIVE_COMPILATION_CONDITIONS = DEBUG;
				SWIFT_OPTIMIZATION_LEVEL = "-Onone";
			};
			name = Debug;
		};
		C10659B3299D4AE700C5CD35 /* Release */ = {
			isa = XCBuildConfiguration;
			buildSettings = {
				ALWAYS_SEARCH_USER_PATHS = NO;
				CLANG_ANALYZER_NONNULL = YES;
				CLANG_ANALYZER_NUMBER_OBJECT_CONVERSION = YES_AGGRESSIVE;
				CLANG_CXX_LANGUAGE_STANDARD = "gnu++20";
				CLANG_ENABLE_MODULES = YES;
				CLANG_ENABLE_OBJC_ARC = YES;
				CLANG_ENABLE_OBJC_WEAK = YES;
				CLANG_WARN_BLOCK_CAPTURE_AUTORELEASING = YES;
				CLANG_WARN_BOOL_CONVERSION = YES;
				CLANG_WARN_COMMA = YES;
				CLANG_WARN_CONSTANT_CONVERSION = YES;
				CLANG_WARN_DEPRECATED_OBJC_IMPLEMENTATIONS = YES;
				CLANG_WARN_DIRECT_OBJC_ISA_USAGE = YES_ERROR;
				CLANG_WARN_DOCUMENTATION_COMMENTS = YES;
				CLANG_WARN_EMPTY_BODY = YES;
				CLANG_WARN_ENUM_CONVERSION = YES;
				CLANG_WARN_INFINITE_RECURSION = YES;
				CLANG_WARN_INT_CONVERSION = YES;
				CLANG_WARN_NON_LITERAL_NULL_CONVERSION = YES;
				CLANG_WARN_OBJC_IMPLICIT_RETAIN_SELF = YES;
				CLANG_WARN_OBJC_LITERAL_CONVERSION = YES;
				CLANG_WARN_OBJC_ROOT_CLASS = YES_ERROR;
				CLANG_WARN_QUOTED_INCLUDE_IN_FRAMEWORK_HEADER = YES;
				CLANG_WARN_RANGE_LOOP_ANALYSIS = YES;
				CLANG_WARN_STRICT_PROTOTYPES = YES;
				CLANG_WARN_SUSPICIOUS_MOVE = YES;
				CLANG_WARN_UNGUARDED_AVAILABILITY = YES_AGGRESSIVE;
				CLANG_WARN_UNREACHABLE_CODE = YES;
				CLANG_WARN__DUPLICATE_METHOD_MATCH = YES;
				COPY_PHASE_STRIP = NO;
				DEBUG_INFORMATION_FORMAT = "dwarf-with-dsym";
				ENABLE_NS_ASSERTIONS = NO;
				ENABLE_STRICT_OBJC_MSGSEND = YES;
				GCC_C_LANGUAGE_STANDARD = gnu11;
				GCC_NO_COMMON_BLOCKS = YES;
				GCC_WARN_64_TO_32_BIT_CONVERSION = YES;
				GCC_WARN_ABOUT_RETURN_TYPE = YES_ERROR;
				GCC_WARN_UNDECLARED_SELECTOR = YES;
				GCC_WARN_UNINITIALIZED_AUTOS = YES_AGGRESSIVE;
				GCC_WARN_UNUSED_FUNCTION = YES;
				GCC_WARN_UNUSED_VARIABLE = YES;
				IPHONEOS_DEPLOYMENT_TARGET = 16.2;
				MTL_ENABLE_DEBUG_INFO = NO;
				MTL_FAST_MATH = YES;
				SDKROOT = iphoneos;
				SWIFT_COMPILATION_MODE = wholemodule;
				SWIFT_OPTIMIZATION_LEVEL = "-O";
				VALIDATE_PRODUCT = YES;
			};
			name = Release;
		};
		C10659B5299D4AE700C5CD35 /* Debug */ = {
			isa = XCBuildConfiguration;
			buildSettings = {
				ASSETCATALOG_COMPILER_APPICON_NAME = AppIcon;
				ASSETCATALOG_COMPILER_GLOBAL_ACCENT_COLOR_NAME = AccentColor;
				CODE_SIGN_STYLE = Automatic;
				CURRENT_PROJECT_VERSION = 1;
				DEVELOPMENT_ASSET_PATHS = "\"Crypto/Preview Content\"";
				DEVELOPMENT_TEAM = TTMLBMXL57;
				ENABLE_PREVIEWS = YES;
				GENERATE_INFOPLIST_FILE = YES;
				INFOPLIST_KEY_CFBundleDisplayName = "Crypto Tracker";
				INFOPLIST_KEY_UIApplicationSceneManifest_Generation = YES;
				INFOPLIST_KEY_UIApplicationSupportsIndirectInputEvents = YES;
				INFOPLIST_KEY_UILaunchScreen_Generation = YES;
				INFOPLIST_KEY_UIRequiresFullScreen = NO;
				INFOPLIST_KEY_UISupportedInterfaceOrientations = "UIInterfaceOrientationLandscapeLeft UIInterfaceOrientationPortrait";
				INFOPLIST_KEY_UISupportedInterfaceOrientations_iPad = UIInterfaceOrientationPortrait;
				IPHONEOS_DEPLOYMENT_TARGET = 14.0;
				LD_RUNPATH_SEARCH_PATHS = (
					"$(inherited)",
					"@executable_path/Frameworks",
				);
				MARKETING_VERSION = 1.0;
				PRODUCT_BUNDLE_IDENTIFIER = me.Kirov.Sergei.Crypto;
				PRODUCT_NAME = "$(TARGET_NAME)";
				SWIFT_EMIT_LOC_STRINGS = YES;
				SWIFT_VERSION = 5.0;
				TARGETED_DEVICE_FAMILY = "1,2";
			};
			name = Debug;
		};
		C10659B6299D4AE700C5CD35 /* Release */ = {
			isa = XCBuildConfiguration;
			buildSettings = {
				ASSETCATALOG_COMPILER_APPICON_NAME = AppIcon;
				ASSETCATALOG_COMPILER_GLOBAL_ACCENT_COLOR_NAME = AccentColor;
				CODE_SIGN_STYLE = Automatic;
				CURRENT_PROJECT_VERSION = 1;
				DEVELOPMENT_ASSET_PATHS = "\"Crypto/Preview Content\"";
				DEVELOPMENT_TEAM = TTMLBMXL57;
				ENABLE_PREVIEWS = YES;
				GENERATE_INFOPLIST_FILE = YES;
				INFOPLIST_KEY_CFBundleDisplayName = "Crypto Tracker";
				INFOPLIST_KEY_UIApplicationSceneManifest_Generation = YES;
				INFOPLIST_KEY_UIApplicationSupportsIndirectInputEvents = YES;
				INFOPLIST_KEY_UILaunchScreen_Generation = YES;
				INFOPLIST_KEY_UIRequiresFullScreen = NO;
				INFOPLIST_KEY_UISupportedInterfaceOrientations = "UIInterfaceOrientationLandscapeLeft UIInterfaceOrientationPortrait";
				INFOPLIST_KEY_UISupportedInterfaceOrientations_iPad = UIInterfaceOrientationPortrait;
				IPHONEOS_DEPLOYMENT_TARGET = 14.0;
				LD_RUNPATH_SEARCH_PATHS = (
					"$(inherited)",
					"@executable_path/Frameworks",
				);
				MARKETING_VERSION = 1.0;
				PRODUCT_BUNDLE_IDENTIFIER = me.Kirov.Sergei.Crypto;
				PRODUCT_NAME = "$(TARGET_NAME)";
				SWIFT_EMIT_LOC_STRINGS = YES;
				SWIFT_VERSION = 5.0;
				TARGETED_DEVICE_FAMILY = "1,2";
			};
			name = Release;
		};
/* End XCBuildConfiguration section */

/* Begin XCConfigurationList section */
		C10659A1299D4AE400C5CD35 /* Build configuration list for PBXProject "Crypto" */ = {
			isa = XCConfigurationList;
			buildConfigurations = (
				C10659B2299D4AE700C5CD35 /* Debug */,
				C10659B3299D4AE700C5CD35 /* Release */,
			);
			defaultConfigurationIsVisible = 0;
			defaultConfigurationName = Release;
		};
		C10659B4299D4AE700C5CD35 /* Build configuration list for PBXNativeTarget "Crypto" */ = {
			isa = XCConfigurationList;
			buildConfigurations = (
				C10659B5299D4AE700C5CD35 /* Debug */,
				C10659B6299D4AE700C5CD35 /* Release */,
			);
			defaultConfigurationIsVisible = 0;
			defaultConfigurationName = Release;
		};
/* End XCConfigurationList section */
	};
	rootObject = C106599E299D4AE400C5CD35 /* Project object */;
}
